
Microsoft Visual Studio Solution File, Format Version 12.00
# Visual Studio Version 17
VisualStudioVersion = 17.0.32014.148
MinimumVisualStudioVersion = 10.0.40219.1
Project("{FAE04EC0-301F-11D3-BF4B-00C04F79EFBC}") = "job11", "job1.1\job11.csproj", "{C8EDB21B-4899-4776-AFA3-FCFF63D612C2}"
EndProject
Project("{FAE04EC0-301F-11D3-BF4B-00C04F79EFBC}") = "UnitTestProject1", "UnitTestProject1\UnitTestProject1.csproj", "{7CD2E295-5885-4B7D-986C-E4CCACE41BFC}"
EndProject
Global
	GlobalSection(SolutionConfigurationPlatforms) = preSolution
		Debug|Any CPU = Debug|Any CPU
		Release|Any CPU = Release|Any CPU
	EndGlobalSection
	GlobalSection(ProjectConfigurationPlatforms) = postSolution
		{C8EDB21B-4899-4776-AFA3-FCFF63D612C2}.Debug|Any CPU.ActiveCfg = Debug|Any CPU
		{C8EDB21B-4899-4776-AFA3-FCFF63D612C2}.Debug|Any CPU.Build.0 = Debug|Any CPU
		{C8EDB21B-4899-4776-AFA3-FCFF63D612C2}.Release|Any CPU.ActiveCfg = Release|Any CPU
		{C8EDB21B-4899-4776-AFA3-FCFF63D612C2}.Release|Any CPU.Build.0 = Release|Any CPU
		{7CD2E295-5885-4B7D-986C-E4CCACE41BFC}.Debug|Any CPU.ActiveCfg = Debug|Any CPU
		{7CD2E295-5885-4B7D-986C-E4CCACE41BFC}.Debug|Any CPU.Build.0 = Debug|Any CPU
		{7CD2E295-5885-4B7D-986C-E4CCACE41BFC}.Release|Any CPU.ActiveCfg = Release|Any CPU
		{7CD2E295-5885-4B7D-986C-E4CCACE41BFC}.Release|Any CPU.Build.0 = Release|Any CPU
	EndGlobalSection
	GlobalSection(SolutionProperties) = preSolution
		HideSolutionNode = FALSE
	EndGlobalSection
	GlobalSection(ExtensibilityGlobals) = postSolution
		SolutionGuid = {356D63ED-6A19-4BD8-9A72-D7C630666E22}
	EndGlobalSection
EndGlobal
